
Microsoft Visual Studio Solution File, Format Version 12.00
# Visual Studio Version 16
VisualStudioVersion = 16.0.29306.81
MinimumVisualStudioVersion = 10.0.40219.1
Project("{FAE04EC0-301F-11D3-BF4B-00C04F79EFBC}") = "learn-csharp", "learn-csharp\learn-csharp.csproj", "{9B59D295-6F65-49B7-93F8-93728B04A82D}"
EndProject
Global
	GlobalSection(SolutionConfigurationPlatforms) = preSolution
		Debug|Any CPU = Debug|Any CPU
		Release|Any CPU = Release|Any CPU
	EndGlobalSection
	GlobalSection(ProjectConfigurationPlatforms) = postSolution
		{9B59D295-6F65-49B7-93F8-93728B04A82D}.Debug|Any CPU.ActiveCfg = Debug|Any CPU
		{9B59D295-6F65-49B7-93F8-93728B04A82D}.Debug|Any CPU.Build.0 = Debug|Any CPU
		{9B59D295-6F65-49B7-93F8-93728B04A82D}.Release|Any CPU.ActiveCfg = Release|Any CPU
		{9B59D295-6F65-49B7-93F8-93728B04A82D}.Release|Any CPU.Build.0 = Release|Any CPU
	EndGlobalSection
	GlobalSection(SolutionProperties) = preSolution
		HideSolutionNode = FALSE
	EndGlobalSection
	GlobalSection(ExtensibilityGlobals) = postSolution
		SolutionGuid = {84FFEA9C-583D-45F1-9E1E-00DFE140D1E1}
	EndGlobalSection
EndGlobal
